{
    "name": "@tolokoban/p2p",
    "version": "0.1.0",
    "lockfileVersion": 3,
    "requires": true,
    "packages": {
        "": {
            "name": "@tolokoban/p2p",
            "version": "0.1.0",
            "dependencies": {
                "@tolokoban/type-guards": "^0.9.0"
            }
        },
        "node_modules/@tolokoban/type-guards": {
            "version": "0.9.0",
            "resolved": "https://registry.npmjs.org/@tolokoban/type-guards/-/type-guards-0.9.0.tgz",
            "integrity": "sha512-MLOlLsGBrvol1yR25K/kai7/DoZtVYHmedRxKmjS8We7vwwas/9wyVvijAg0bcAucOSNOyWtviNikLkmvri9lQ=="
        }
    }
}
